
Microsoft Visual Studio Solution File, Format Version 12.00
# Visual Studio Version 16
VisualStudioVersion = 16.0.31727.386
MinimumVisualStudioVersion = 10.0.40219.1
Project("{FAE04EC0-301F-11D3-BF4B-00C04F79EFBC}") = "EntryTutorial.Android", "EntryTutorial\EntryTutorial.Android\EntryTutorial.Android.csproj", "{CE1BDCE5-CD4A-40C6-A0F9-98B2738B77E3}"
EndProject
Project("{FAE04EC0-301F-11D3-BF4B-00C04F79EFBC}") = "EntryTutorial.iOS", "EntryTutorial\EntryTutorial.iOS\EntryTutorial.iOS.csproj", "{FC37CC78-D1F0-4741-9FAE-20EDFE54BD7E}"
EndProject
Project("{FAE04EC0-301F-11D3-BF4B-00C04F79EFBC}") = "EntryTutorial", "EntryTutorial\EntryTutorial\EntryTutorial.csproj", "{5754840C-A33A-4569-9D65-8E78A9E27032}"
EndProject
Global
	GlobalSection(SolutionConfigurationPlatforms) = preSolution
		Debug|Any CPU = Debug|Any CPU
		Debug|iPhone = Debug|iPhone
		Debug|iPhoneSimulator = Debug|iPhoneSimulator
		Release|Any CPU = Release|Any CPU
		Release|iPhone = Release|iPhone
		Release|iPhoneSimulator = Release|iPhoneSimulator
	EndGlobalSection
	GlobalSection(ProjectConfigurationPlatforms) = postSolution
		{CE1BDCE5-CD4A-40C6-A0F9-98B2738B77E3}.Debug|Any CPU.ActiveCfg = Debug|Any CPU
		{CE1BDCE5-CD4A-40C6-A0F9-98B2738B77E3}.Debug|Any CPU.Build.0 = Debug|Any CPU
		{CE1BDCE5-CD4A-40C6-A0F9-98B2738B77E3}.Debug|Any CPU.Deploy.0 = Debug|Any CPU
		{CE1BDCE5-CD4A-40C6-A0F9-98B2738B77E3}.Debug|iPhone.ActiveCfg = Debug|Any CPU
		{CE1BDCE5-CD4A-40C6-A0F9-98B2738B77E3}.Debug|iPhone.Build.0 = Debug|Any CPU
		{CE1BDCE5-CD4A-40C6-A0F9-98B2738B77E3}.Debug|iPhone.Deploy.0 = Debug|Any CPU
		{CE1BDCE5-CD4A-40C6-A0F9-98B2738B77E3}.Debug|iPhoneSimulator.ActiveCfg = Debug|Any CPU
		{CE1BDCE5-CD4A-40C6-A0F9-98B2738B77E3}.Debug|iPhoneSimulator.Build.0 = Debug|Any CPU
		{CE1BDCE5-CD4A-40C6-A0F9-98B2738B77E3}.Debug|iPhoneSimulator.Deploy.0 = Debug|Any CPU
		{CE1BDCE5-CD4A-40C6-A0F9-98B2738B77E3}.Release|Any CPU.ActiveCfg = Release|Any CPU
		{CE1BDCE5-CD4A-40C6-A0F9-98B2738B77E3}.Release|Any CPU.Build.0 = Release|Any CPU
		{CE1BDCE5-CD4A-40C6-A0F9-98B2738B77E3}.Release|Any CPU.Deploy.0 = Release|Any CPU
		{CE1BDCE5-CD4A-40C6-A0F9-98B2738B77E3}.Release|iPhone.ActiveCfg = Release|Any CPU
		{CE1BDCE5-CD4A-40C6-A0F9-98B2738B77E3}.Release|iPhone.Build.0 = Release|Any CPU
		{CE1BDCE5-CD4A-40C6-A0F9-98B2738B77E3}.Release|iPhone.Deploy.0 = Release|Any CPU
		{CE1BDCE5-CD4A-40C6-A0F9-98B2738B77E3}.Release|iPhoneSimulator.ActiveCfg = Release|Any CPU
		{CE1BDCE5-CD4A-40C6-A0F9-98B2738B77E3}.Release|iPhoneSimulator.Build.0 = Release|Any CPU
		{CE1BDCE5-CD4A-40C6-A0F9-98B2738B77E3}.Release|iPhoneSimulator.Deploy.0 = Release|Any CPU
		{FC37CC78-D1F0-4741-9FAE-20EDFE54BD7E}.Debug|Any CPU.ActiveCfg = Debug|iPhone
		{FC37CC78-D1F0-4741-9FAE-20EDFE54BD7E}.Debug|Any CPU.Build.0 = Debug|iPhone
		{FC37CC78-D1F0-4741-9FAE-20EDFE54BD7E}.Debug|Any CPU.Deploy.0 = Debug|iPhone
		{FC37CC78-D1F0-4741-9FAE-20EDFE54BD7E}.Debug|iPhone.ActiveCfg = Debug|iPhone
		{FC37CC78-D1F0-4741-9FAE-20EDFE54BD7E}.Debug|iPhone.Build.0 = Debug|iPhone
		{FC37CC78-D1F0-4741-9FAE-20EDFE54BD7E}.Debug|iPhone.Deploy.0 = Debug|iPhone
		{FC37CC78-D1F0-4741-9FAE-20EDFE54BD7E}.Debug|iPhoneSimulator.ActiveCfg = Debug|iPhoneSimulator
		{FC37CC78-D1F0-4741-9FAE-20EDFE54BD7E}.Debug|iPhoneSimulator.Build.0 = Debug|iPhoneSimulator
		{FC37CC78-D1F0-4741-9FAE-20EDFE54BD7E}.Debug|iPhoneSimulator.Deploy.0 = Debug|iPhoneSimulator
		{FC37CC78-D1F0-4741-9FAE-20EDFE54BD7E}.Release|Any CPU.ActiveCfg = Release|iPhoneSimulator
		{FC37CC78-D1F0-4741-9FAE-20EDFE54BD7E}.Release|Any CPU.Build.0 = Release|iPhoneSimulator
		{FC37CC78-D1F0-4741-9FAE-20EDFE54BD7E}.Release|Any CPU.Deploy.0 = Release|iPhoneSimulator
		{FC37CC78-D1F0-4741-9FAE-20EDFE54BD7E}.Release|iPhone.ActiveCfg = Release|iPhone
		{FC37CC78-D1F0-4741-9FAE-20EDFE54BD7E}.Release|iPhone.Build.0 = Release|iPhone
		{FC37CC78-D1F0-4741-9FAE-20EDFE54BD7E}.Release|iPhone.Deploy.0 = Release|iPhone
		{FC37CC78-D1F0-4741-9FAE-20EDFE54BD7E}.Release|iPhoneSimulator.ActiveCfg = Release|iPhoneSimulator
		{FC37CC78-D1F0-4741-9FAE-20EDFE54BD7E}.Release|iPhoneSimulator.Build.0 = Release|iPhoneSimulator
		{FC37CC78-D1F0-4741-9FAE-20EDFE54BD7E}.Release|iPhoneSimulator.Deploy.0 = Release|iPhoneSimulator
		{5754840C-A33A-4569-9D65-8E78A9E27032}.Debug|Any CPU.ActiveCfg = Debug|Any CPU
		{5754840C-A33A-4569-9D65-8E78A9E27032}.Debug|Any CPU.Build.0 = Debug|Any CPU
		{5754840C-A33A-4569-9D65-8E78A9E27032}.Debug|Any CPU.Deploy.0 = Debug|Any CPU
		{5754840C-A33A-4569-9D65-8E78A9E27032}.Debug|iPhone.ActiveCfg = Debug|Any CPU
		{5754840C-A33A-4569-9D65-8E78A9E27032}.Debug|iPhone.Build.0 = Debug|Any CPU
		{5754840C-A33A-4569-9D65-8E78A9E27032}.Debug|iPhone.Deploy.0 = Debug|Any CPU
		{5754840C-A33A-4569-9D65-8E78A9E27032}.Debug|iPhoneSimulator.ActiveCfg = Debug|Any CPU
		{5754840C-A33A-4569-9D65-8E78A9E27032}.Debug|iPhoneSimulator.Build.0 = Debug|Any CPU
		{5754840C-A33A-4569-9D65-8E78A9E27032}.Debug|iPhoneSimulator.Deploy.0 = Debug|Any CPU
		{5754840C-A33A-4569-9D65-8E78A9E27032}.Release|Any CPU.ActiveCfg = Release|Any CPU
		{5754840C-A33A-4569-9D65-8E78A9E27032}.Release|Any CPU.Build.0 = Release|Any CPU
		{5754840C-A33A-4569-9D65-8E78A9E27032}.Release|Any CPU.Deploy.0 = Release|Any CPU
		{5754840C-A33A-4569-9D65-8E78A9E27032}.Release|iPhone.ActiveCfg = Release|Any CPU
		{5754840C-A33A-4569-9D65-8E78A9E27032}.Release|iPhone.Build.0 = Release|Any CPU
		{5754840C-A33A-4569-9D65-8E78A9E27032}.Release|iPhone.Deploy.0 = Release|Any CPU
		{5754840C-A33A-4569-9D65-8E78A9E27032}.Release|iPhoneSimulator.ActiveCfg = Release|Any CPU
		{5754840C-A33A-4569-9D65-8E78A9E27032}.Release|iPhoneSimulator.Build.0 = Release|Any CPU
		{5754840C-A33A-4569-9D65-8E78A9E27032}.Release|iPhoneSimulator.Deploy.0 = Release|Any CPU
	EndGlobalSection
	GlobalSection(SolutionProperties) = preSolution
		HideSolutionNode = FALSE
	EndGlobalSection
	GlobalSection(ExtensibilityGlobals) = postSolution
		SolutionGuid = {05AC23AE-CC89-4AF3-B7C4-28CF44E53A5A}
	EndGlobalSection
EndGlobal
