
Microsoft Visual Studio Solution File, Format Version 12.00
# Visual Studio Version 16
VisualStudioVersion = 16.0.31911.196
MinimumVisualStudioVersion = 10.0.40219.1
Project("{FAE04EC0-301F-11D3-BF4B-00C04F79EFBC}") = "LocalDatabaseTutorial.Android", "LocalDatabaseTutorial\LocalDatabaseTutorial.Android\LocalDatabaseTutorial.Android.csproj", "{ACC0C55A-9691-4ABE-AA82-8903D5E2BE1E}"
EndProject
Project("{FAE04EC0-301F-11D3-BF4B-00C04F79EFBC}") = "LocalDatabaseTutorial.iOS", "LocalDatabaseTutorial\LocalDatabaseTutorial.iOS\LocalDatabaseTutorial.iOS.csproj", "{365453F5-2F8E-44A0-A644-587009FF5675}"
EndProject
Project("{FAE04EC0-301F-11D3-BF4B-00C04F79EFBC}") = "LocalDatabaseTutorial", "LocalDatabaseTutorial\LocalDatabaseTutorial\LocalDatabaseTutorial.csproj", "{81FE65B6-2C77-4B03-A171-8E2167B7DCE2}"
EndProject
Global
	GlobalSection(SolutionConfigurationPlatforms) = preSolution
		Debug|Any CPU = Debug|Any CPU
		Debug|iPhone = Debug|iPhone
		Debug|iPhoneSimulator = Debug|iPhoneSimulator
		Release|Any CPU = Release|Any CPU
		Release|iPhone = Release|iPhone
		Release|iPhoneSimulator = Release|iPhoneSimulator
	EndGlobalSection
	GlobalSection(ProjectConfigurationPlatforms) = postSolution
		{ACC0C55A-9691-4ABE-AA82-8903D5E2BE1E}.Debug|Any CPU.ActiveCfg = Debug|Any CPU
		{ACC0C55A-9691-4ABE-AA82-8903D5E2BE1E}.Debug|Any CPU.Build.0 = Debug|Any CPU
		{ACC0C55A-9691-4ABE-AA82-8903D5E2BE1E}.Debug|Any CPU.Deploy.0 = Debug|Any CPU
		{ACC0C55A-9691-4ABE-AA82-8903D5E2BE1E}.Debug|iPhone.ActiveCfg = Debug|Any CPU
		{ACC0C55A-9691-4ABE-AA82-8903D5E2BE1E}.Debug|iPhone.Build.0 = Debug|Any CPU
		{ACC0C55A-9691-4ABE-AA82-8903D5E2BE1E}.Debug|iPhone.Deploy.0 = Debug|Any CPU
		{ACC0C55A-9691-4ABE-AA82-8903D5E2BE1E}.Debug|iPhoneSimulator.ActiveCfg = Debug|Any CPU
		{ACC0C55A-9691-4ABE-AA82-8903D5E2BE1E}.Debug|iPhoneSimulator.Build.0 = Debug|Any CPU
		{ACC0C55A-9691-4ABE-AA82-8903D5E2BE1E}.Debug|iPhoneSimulator.Deploy.0 = Debug|Any CPU
		{ACC0C55A-9691-4ABE-AA82-8903D5E2BE1E}.Release|Any CPU.ActiveCfg = Release|Any CPU
		{ACC0C55A-9691-4ABE-AA82-8903D5E2BE1E}.Release|Any CPU.Build.0 = Release|Any CPU
		{ACC0C55A-9691-4ABE-AA82-8903D5E2BE1E}.Release|Any CPU.Deploy.0 = Release|Any CPU
		{ACC0C55A-9691-4ABE-AA82-8903D5E2BE1E}.Release|iPhone.ActiveCfg = Release|Any CPU
		{ACC0C55A-9691-4ABE-AA82-8903D5E2BE1E}.Release|iPhone.Build.0 = Release|Any CPU
		{ACC0C55A-9691-4ABE-AA82-8903D5E2BE1E}.Release|iPhone.Deploy.0 = Release|Any CPU
		{ACC0C55A-9691-4ABE-AA82-8903D5E2BE1E}.Release|iPhoneSimulator.ActiveCfg = Release|Any CPU
		{ACC0C55A-9691-4ABE-AA82-8903D5E2BE1E}.Release|iPhoneSimulator.Build.0 = Release|Any CPU
		{ACC0C55A-9691-4ABE-AA82-8903D5E2BE1E}.Release|iPhoneSimulator.Deploy.0 = Release|Any CPU
		{365453F5-2F8E-44A0-A644-587009FF5675}.Debug|Any CPU.ActiveCfg = Debug|iPhone
		{365453F5-2F8E-44A0-A644-587009FF5675}.Debug|Any CPU.Build.0 = Debug|iPhone
		{365453F5-2F8E-44A0-A644-587009FF5675}.Debug|Any CPU.Deploy.0 = Debug|iPhone
		{365453F5-2F8E-44A0-A644-587009FF5675}.Debug|iPhone.ActiveCfg = Debug|iPhone
		{365453F5-2F8E-44A0-A644-587009FF5675}.Debug|iPhone.Build.0 = Debug|iPhone
		{365453F5-2F8E-44A0-A644-587009FF5675}.Debug|iPhone.Deploy.0 = Debug|iPhone
		{365453F5-2F8E-44A0-A644-587009FF5675}.Debug|iPhoneSimulator.ActiveCfg = Debug|iPhoneSimulator
		{365453F5-2F8E-44A0-A644-587009FF5675}.Debug|iPhoneSimulator.Build.0 = Debug|iPhoneSimulator
		{365453F5-2F8E-44A0-A644-587009FF5675}.Debug|iPhoneSimulator.Deploy.0 = Debug|iPhoneSimulator
		{365453F5-2F8E-44A0-A644-587009FF5675}.Release|Any CPU.ActiveCfg = Release|iPhoneSimulator
		{365453F5-2F8E-44A0-A644-587009FF5675}.Release|Any CPU.Build.0 = Release|iPhoneSimulator
		{365453F5-2F8E-44A0-A644-587009FF5675}.Release|Any CPU.Deploy.0 = Release|iPhoneSimulator
		{365453F5-2F8E-44A0-A644-587009FF5675}.Release|iPhone.ActiveCfg = Release|iPhone
		{365453F5-2F8E-44A0-A644-587009FF5675}.Release|iPhone.Build.0 = Release|iPhone
		{365453F5-2F8E-44A0-A644-587009FF5675}.Release|iPhone.Deploy.0 = Release|iPhone
		{365453F5-2F8E-44A0-A644-587009FF5675}.Release|iPhoneSimulator.ActiveCfg = Release|iPhoneSimulator
		{365453F5-2F8E-44A0-A644-587009FF5675}.Release|iPhoneSimulator.Build.0 = Release|iPhoneSimulator
		{365453F5-2F8E-44A0-A644-587009FF5675}.Release|iPhoneSimulator.Deploy.0 = Release|iPhoneSimulator
		{81FE65B6-2C77-4B03-A171-8E2167B7DCE2}.Debug|Any CPU.ActiveCfg = Debug|Any CPU
		{81FE65B6-2C77-4B03-A171-8E2167B7DCE2}.Debug|Any CPU.Build.0 = Debug|Any CPU
		{81FE65B6-2C77-4B03-A171-8E2167B7DCE2}.Debug|Any CPU.Deploy.0 = Debug|Any CPU
		{81FE65B6-2C77-4B03-A171-8E2167B7DCE2}.Debug|iPhone.ActiveCfg = Debug|Any CPU
		{81FE65B6-2C77-4B03-A171-8E2167B7DCE2}.Debug|iPhone.Build.0 = Debug|Any CPU
		{81FE65B6-2C77-4B03-A171-8E2167B7DCE2}.Debug|iPhone.Deploy.0 = Debug|Any CPU
		{81FE65B6-2C77-4B03-A171-8E2167B7DCE2}.Debug|iPhoneSimulator.ActiveCfg = Debug|Any CPU
		{81FE65B6-2C77-4B03-A171-8E2167B7DCE2}.Debug|iPhoneSimulator.Build.0 = Debug|Any CPU
		{81FE65B6-2C77-4B03-A171-8E2167B7DCE2}.Debug|iPhoneSimulator.Deploy.0 = Debug|Any CPU
		{81FE65B6-2C77-4B03-A171-8E2167B7DCE2}.Release|Any CPU.ActiveCfg = Release|Any CPU
		{81FE65B6-2C77-4B03-A171-8E2167B7DCE2}.Release|Any CPU.Build.0 = Release|Any CPU
		{81FE65B6-2C77-4B03-A171-8E2167B7DCE2}.Release|Any CPU.Deploy.0 = Release|Any CPU
		{81FE65B6-2C77-4B03-A171-8E2167B7DCE2}.Release|iPhone.ActiveCfg = Release|Any CPU
		{81FE65B6-2C77-4B03-A171-8E2167B7DCE2}.Release|iPhone.Build.0 = Release|Any CPU
		{81FE65B6-2C77-4B03-A171-8E2167B7DCE2}.Release|iPhone.Deploy.0 = Release|Any CPU
		{81FE65B6-2C77-4B03-A171-8E2167B7DCE2}.Release|iPhoneSimulator.ActiveCfg = Release|Any CPU
		{81FE65B6-2C77-4B03-A171-8E2167B7DCE2}.Release|iPhoneSimulator.Build.0 = Release|Any CPU
		{81FE65B6-2C77-4B03-A171-8E2167B7DCE2}.Release|iPhoneSimulator.Deploy.0 = Release|Any CPU
	EndGlobalSection
	GlobalSection(SolutionProperties) = preSolution
		HideSolutionNode = FALSE
	EndGlobalSection
	GlobalSection(ExtensibilityGlobals) = postSolution
		SolutionGuid = {BEFDAE67-AB7A-4E2F-BA67-418A21987BA8}
	EndGlobalSection
EndGlobal
