
Microsoft Visual Studio Solution File, Format Version 12.00
# Visual Studio Version 16
VisualStudioVersion = 16.0.31911.196
MinimumVisualStudioVersion = 10.0.40219.1
Project("{FAE04EC0-301F-11D3-BF4B-00C04F79EFBC}") = "WebServiceTutorial.Android", "WebServiceTutorial\WebServiceTutorial.Android\WebServiceTutorial.Android.csproj", "{EA024D7E-BA72-42FD-88F8-56FCE0A2D652}"
EndProject
Project("{FAE04EC0-301F-11D3-BF4B-00C04F79EFBC}") = "WebServiceTutorial.iOS", "WebServiceTutorial\WebServiceTutorial.iOS\WebServiceTutorial.iOS.csproj", "{31E58FBE-CAF5-4786-8D4F-8A0E33DE7752}"
EndProject
Project("{FAE04EC0-301F-11D3-BF4B-00C04F79EFBC}") = "WebServiceTutorial", "WebServiceTutorial\WebServiceTutorial\WebServiceTutorial.csproj", "{9E86A599-853F-48A8-923E-A2AD1AF7579B}"
EndProject
Global
	GlobalSection(SolutionConfigurationPlatforms) = preSolution
		Debug|Any CPU = Debug|Any CPU
		Debug|iPhone = Debug|iPhone
		Debug|iPhoneSimulator = Debug|iPhoneSimulator
		Release|Any CPU = Release|Any CPU
		Release|iPhone = Release|iPhone
		Release|iPhoneSimulator = Release|iPhoneSimulator
	EndGlobalSection
	GlobalSection(ProjectConfigurationPlatforms) = postSolution
		{EA024D7E-BA72-42FD-88F8-56FCE0A2D652}.Debug|Any CPU.ActiveCfg = Debug|Any CPU
		{EA024D7E-BA72-42FD-88F8-56FCE0A2D652}.Debug|Any CPU.Build.0 = Debug|Any CPU
		{EA024D7E-BA72-42FD-88F8-56FCE0A2D652}.Debug|Any CPU.Deploy.0 = Debug|Any CPU
		{EA024D7E-BA72-42FD-88F8-56FCE0A2D652}.Debug|iPhone.ActiveCfg = Debug|Any CPU
		{EA024D7E-BA72-42FD-88F8-56FCE0A2D652}.Debug|iPhone.Build.0 = Debug|Any CPU
		{EA024D7E-BA72-42FD-88F8-56FCE0A2D652}.Debug|iPhone.Deploy.0 = Debug|Any CPU
		{EA024D7E-BA72-42FD-88F8-56FCE0A2D652}.Debug|iPhoneSimulator.ActiveCfg = Debug|Any CPU
		{EA024D7E-BA72-42FD-88F8-56FCE0A2D652}.Debug|iPhoneSimulator.Build.0 = Debug|Any CPU
		{EA024D7E-BA72-42FD-88F8-56FCE0A2D652}.Debug|iPhoneSimulator.Deploy.0 = Debug|Any CPU
		{EA024D7E-BA72-42FD-88F8-56FCE0A2D652}.Release|Any CPU.ActiveCfg = Release|Any CPU
		{EA024D7E-BA72-42FD-88F8-56FCE0A2D652}.Release|Any CPU.Build.0 = Release|Any CPU
		{EA024D7E-BA72-42FD-88F8-56FCE0A2D652}.Release|Any CPU.Deploy.0 = Release|Any CPU
		{EA024D7E-BA72-42FD-88F8-56FCE0A2D652}.Release|iPhone.ActiveCfg = Release|Any CPU
		{EA024D7E-BA72-42FD-88F8-56FCE0A2D652}.Release|iPhone.Build.0 = Release|Any CPU
		{EA024D7E-BA72-42FD-88F8-56FCE0A2D652}.Release|iPhone.Deploy.0 = Release|Any CPU
		{EA024D7E-BA72-42FD-88F8-56FCE0A2D652}.Release|iPhoneSimulator.ActiveCfg = Release|Any CPU
		{EA024D7E-BA72-42FD-88F8-56FCE0A2D652}.Release|iPhoneSimulator.Build.0 = Release|Any CPU
		{EA024D7E-BA72-42FD-88F8-56FCE0A2D652}.Release|iPhoneSimulator.Deploy.0 = Release|Any CPU
		{31E58FBE-CAF5-4786-8D4F-8A0E33DE7752}.Debug|Any CPU.ActiveCfg = Debug|iPhone
		{31E58FBE-CAF5-4786-8D4F-8A0E33DE7752}.Debug|Any CPU.Build.0 = Debug|iPhone
		{31E58FBE-CAF5-4786-8D4F-8A0E33DE7752}.Debug|Any CPU.Deploy.0 = Debug|iPhone
		{31E58FBE-CAF5-4786-8D4F-8A0E33DE7752}.Debug|iPhone.ActiveCfg = Debug|iPhone
		{31E58FBE-CAF5-4786-8D4F-8A0E33DE7752}.Debug|iPhone.Build.0 = Debug|iPhone
		{31E58FBE-CAF5-4786-8D4F-8A0E33DE7752}.Debug|iPhone.Deploy.0 = Debug|iPhone
		{31E58FBE-CAF5-4786-8D4F-8A0E33DE7752}.Debug|iPhoneSimulator.ActiveCfg = Debug|iPhoneSimulator
		{31E58FBE-CAF5-4786-8D4F-8A0E33DE7752}.Debug|iPhoneSimulator.Build.0 = Debug|iPhoneSimulator
		{31E58FBE-CAF5-4786-8D4F-8A0E33DE7752}.Debug|iPhoneSimulator.Deploy.0 = Debug|iPhoneSimulator
		{31E58FBE-CAF5-4786-8D4F-8A0E33DE7752}.Release|Any CPU.ActiveCfg = Release|iPhoneSimulator
		{31E58FBE-CAF5-4786-8D4F-8A0E33DE7752}.Release|Any CPU.Build.0 = Release|iPhoneSimulator
		{31E58FBE-CAF5-4786-8D4F-8A0E33DE7752}.Release|Any CPU.Deploy.0 = Release|iPhoneSimulator
		{31E58FBE-CAF5-4786-8D4F-8A0E33DE7752}.Release|iPhone.ActiveCfg = Release|iPhone
		{31E58FBE-CAF5-4786-8D4F-8A0E33DE7752}.Release|iPhone.Build.0 = Release|iPhone
		{31E58FBE-CAF5-4786-8D4F-8A0E33DE7752}.Release|iPhone.Deploy.0 = Release|iPhone
		{31E58FBE-CAF5-4786-8D4F-8A0E33DE7752}.Release|iPhoneSimulator.ActiveCfg = Release|iPhoneSimulator
		{31E58FBE-CAF5-4786-8D4F-8A0E33DE7752}.Release|iPhoneSimulator.Build.0 = Release|iPhoneSimulator
		{31E58FBE-CAF5-4786-8D4F-8A0E33DE7752}.Release|iPhoneSimulator.Deploy.0 = Release|iPhoneSimulator
		{9E86A599-853F-48A8-923E-A2AD1AF7579B}.Debug|Any CPU.ActiveCfg = Debug|Any CPU
		{9E86A599-853F-48A8-923E-A2AD1AF7579B}.Debug|Any CPU.Build.0 = Debug|Any CPU
		{9E86A599-853F-48A8-923E-A2AD1AF7579B}.Debug|Any CPU.Deploy.0 = Debug|Any CPU
		{9E86A599-853F-48A8-923E-A2AD1AF7579B}.Debug|iPhone.ActiveCfg = Debug|Any CPU
		{9E86A599-853F-48A8-923E-A2AD1AF7579B}.Debug|iPhone.Build.0 = Debug|Any CPU
		{9E86A599-853F-48A8-923E-A2AD1AF7579B}.Debug|iPhone.Deploy.0 = Debug|Any CPU
		{9E86A599-853F-48A8-923E-A2AD1AF7579B}.Debug|iPhoneSimulator.ActiveCfg = Debug|Any CPU
		{9E86A599-853F-48A8-923E-A2AD1AF7579B}.Debug|iPhoneSimulator.Build.0 = Debug|Any CPU
		{9E86A599-853F-48A8-923E-A2AD1AF7579B}.Debug|iPhoneSimulator.Deploy.0 = Debug|Any CPU
		{9E86A599-853F-48A8-923E-A2AD1AF7579B}.Release|Any CPU.ActiveCfg = Release|Any CPU
		{9E86A599-853F-48A8-923E-A2AD1AF7579B}.Release|Any CPU.Build.0 = Release|Any CPU
		{9E86A599-853F-48A8-923E-A2AD1AF7579B}.Release|Any CPU.Deploy.0 = Release|Any CPU
		{9E86A599-853F-48A8-923E-A2AD1AF7579B}.Release|iPhone.ActiveCfg = Release|Any CPU
		{9E86A599-853F-48A8-923E-A2AD1AF7579B}.Release|iPhone.Build.0 = Release|Any CPU
		{9E86A599-853F-48A8-923E-A2AD1AF7579B}.Release|iPhone.Deploy.0 = Release|Any CPU
		{9E86A599-853F-48A8-923E-A2AD1AF7579B}.Release|iPhoneSimulator.ActiveCfg = Release|Any CPU
		{9E86A599-853F-48A8-923E-A2AD1AF7579B}.Release|iPhoneSimulator.Build.0 = Release|Any CPU
		{9E86A599-853F-48A8-923E-A2AD1AF7579B}.Release|iPhoneSimulator.Deploy.0 = Release|Any CPU
	EndGlobalSection
	GlobalSection(SolutionProperties) = preSolution
		HideSolutionNode = FALSE
	EndGlobalSection
	GlobalSection(ExtensibilityGlobals) = postSolution
		SolutionGuid = {9E8E0E06-C3BE-4DA9-96BE-3E628262287F}
	EndGlobalSection
EndGlobal
