
Microsoft Visual Studio Solution File, Format Version 12.00
# Visual Studio Version 16
VisualStudioVersion = 16.0.31727.386
MinimumVisualStudioVersion = 10.0.40219.1
Project("{FAE04EC0-301F-11D3-BF4B-00C04F79EFBC}") = "ButtonTutorial.Android", "ButtonTutorial\ButtonTutorial.Android\ButtonTutorial.Android.csproj", "{3B56DCC9-1D9D-4429-8C0C-B3AFE42C770E}"
EndProject
Project("{FAE04EC0-301F-11D3-BF4B-00C04F79EFBC}") = "ButtonTutorial.iOS", "ButtonTutorial\ButtonTutorial.iOS\ButtonTutorial.iOS.csproj", "{A0BFD668-85B8-4077-9141-F309FDCC7F23}"
EndProject
Project("{FAE04EC0-301F-11D3-BF4B-00C04F79EFBC}") = "ButtonTutorial", "ButtonTutorial\ButtonTutorial\ButtonTutorial.csproj", "{C27C408E-B72E-44CF-9E67-087F1A8FD811}"
EndProject
Global
	GlobalSection(SolutionConfigurationPlatforms) = preSolution
		Debug|Any CPU = Debug|Any CPU
		Debug|iPhone = Debug|iPhone
		Debug|iPhoneSimulator = Debug|iPhoneSimulator
		Release|Any CPU = Release|Any CPU
		Release|iPhone = Release|iPhone
		Release|iPhoneSimulator = Release|iPhoneSimulator
	EndGlobalSection
	GlobalSection(ProjectConfigurationPlatforms) = postSolution
		{3B56DCC9-1D9D-4429-8C0C-B3AFE42C770E}.Debug|Any CPU.ActiveCfg = Debug|Any CPU
		{3B56DCC9-1D9D-4429-8C0C-B3AFE42C770E}.Debug|Any CPU.Build.0 = Debug|Any CPU
		{3B56DCC9-1D9D-4429-8C0C-B3AFE42C770E}.Debug|Any CPU.Deploy.0 = Debug|Any CPU
		{3B56DCC9-1D9D-4429-8C0C-B3AFE42C770E}.Debug|iPhone.ActiveCfg = Debug|Any CPU
		{3B56DCC9-1D9D-4429-8C0C-B3AFE42C770E}.Debug|iPhone.Build.0 = Debug|Any CPU
		{3B56DCC9-1D9D-4429-8C0C-B3AFE42C770E}.Debug|iPhone.Deploy.0 = Debug|Any CPU
		{3B56DCC9-1D9D-4429-8C0C-B3AFE42C770E}.Debug|iPhoneSimulator.ActiveCfg = Debug|Any CPU
		{3B56DCC9-1D9D-4429-8C0C-B3AFE42C770E}.Debug|iPhoneSimulator.Build.0 = Debug|Any CPU
		{3B56DCC9-1D9D-4429-8C0C-B3AFE42C770E}.Debug|iPhoneSimulator.Deploy.0 = Debug|Any CPU
		{3B56DCC9-1D9D-4429-8C0C-B3AFE42C770E}.Release|Any CPU.ActiveCfg = Release|Any CPU
		{3B56DCC9-1D9D-4429-8C0C-B3AFE42C770E}.Release|Any CPU.Build.0 = Release|Any CPU
		{3B56DCC9-1D9D-4429-8C0C-B3AFE42C770E}.Release|Any CPU.Deploy.0 = Release|Any CPU
		{3B56DCC9-1D9D-4429-8C0C-B3AFE42C770E}.Release|iPhone.ActiveCfg = Release|Any CPU
		{3B56DCC9-1D9D-4429-8C0C-B3AFE42C770E}.Release|iPhone.Build.0 = Release|Any CPU
		{3B56DCC9-1D9D-4429-8C0C-B3AFE42C770E}.Release|iPhone.Deploy.0 = Release|Any CPU
		{3B56DCC9-1D9D-4429-8C0C-B3AFE42C770E}.Release|iPhoneSimulator.ActiveCfg = Release|Any CPU
		{3B56DCC9-1D9D-4429-8C0C-B3AFE42C770E}.Release|iPhoneSimulator.Build.0 = Release|Any CPU
		{3B56DCC9-1D9D-4429-8C0C-B3AFE42C770E}.Release|iPhoneSimulator.Deploy.0 = Release|Any CPU
		{A0BFD668-85B8-4077-9141-F309FDCC7F23}.Debug|Any CPU.ActiveCfg = Debug|iPhone
		{A0BFD668-85B8-4077-9141-F309FDCC7F23}.Debug|Any CPU.Build.0 = Debug|iPhone
		{A0BFD668-85B8-4077-9141-F309FDCC7F23}.Debug|Any CPU.Deploy.0 = Debug|iPhone
		{A0BFD668-85B8-4077-9141-F309FDCC7F23}.Debug|iPhone.ActiveCfg = Debug|iPhone
		{A0BFD668-85B8-4077-9141-F309FDCC7F23}.Debug|iPhone.Build.0 = Debug|iPhone
		{A0BFD668-85B8-4077-9141-F309FDCC7F23}.Debug|iPhone.Deploy.0 = Debug|iPhone
		{A0BFD668-85B8-4077-9141-F309FDCC7F23}.Debug|iPhoneSimulator.ActiveCfg = Debug|iPhoneSimulator
		{A0BFD668-85B8-4077-9141-F309FDCC7F23}.Debug|iPhoneSimulator.Build.0 = Debug|iPhoneSimulator
		{A0BFD668-85B8-4077-9141-F309FDCC7F23}.Debug|iPhoneSimulator.Deploy.0 = Debug|iPhoneSimulator
		{A0BFD668-85B8-4077-9141-F309FDCC7F23}.Release|Any CPU.ActiveCfg = Release|iPhoneSimulator
		{A0BFD668-85B8-4077-9141-F309FDCC7F23}.Release|Any CPU.Build.0 = Release|iPhoneSimulator
		{A0BFD668-85B8-4077-9141-F309FDCC7F23}.Release|Any CPU.Deploy.0 = Release|iPhoneSimulator
		{A0BFD668-85B8-4077-9141-F309FDCC7F23}.Release|iPhone.ActiveCfg = Release|iPhone
		{A0BFD668-85B8-4077-9141-F309FDCC7F23}.Release|iPhone.Build.0 = Release|iPhone
		{A0BFD668-85B8-4077-9141-F309FDCC7F23}.Release|iPhone.Deploy.0 = Release|iPhone
		{A0BFD668-85B8-4077-9141-F309FDCC7F23}.Release|iPhoneSimulator.ActiveCfg = Release|iPhoneSimulator
		{A0BFD668-85B8-4077-9141-F309FDCC7F23}.Release|iPhoneSimulator.Build.0 = Release|iPhoneSimulator
		{A0BFD668-85B8-4077-9141-F309FDCC7F23}.Release|iPhoneSimulator.Deploy.0 = Release|iPhoneSimulator
		{C27C408E-B72E-44CF-9E67-087F1A8FD811}.Debug|Any CPU.ActiveCfg = Debug|Any CPU
		{C27C408E-B72E-44CF-9E67-087F1A8FD811}.Debug|Any CPU.Build.0 = Debug|Any CPU
		{C27C408E-B72E-44CF-9E67-087F1A8FD811}.Debug|Any CPU.Deploy.0 = Debug|Any CPU
		{C27C408E-B72E-44CF-9E67-087F1A8FD811}.Debug|iPhone.ActiveCfg = Debug|Any CPU
		{C27C408E-B72E-44CF-9E67-087F1A8FD811}.Debug|iPhone.Build.0 = Debug|Any CPU
		{C27C408E-B72E-44CF-9E67-087F1A8FD811}.Debug|iPhone.Deploy.0 = Debug|Any CPU
		{C27C408E-B72E-44CF-9E67-087F1A8FD811}.Debug|iPhoneSimulator.ActiveCfg = Debug|Any CPU
		{C27C408E-B72E-44CF-9E67-087F1A8FD811}.Debug|iPhoneSimulator.Build.0 = Debug|Any CPU
		{C27C408E-B72E-44CF-9E67-087F1A8FD811}.Debug|iPhoneSimulator.Deploy.0 = Debug|Any CPU
		{C27C408E-B72E-44CF-9E67-087F1A8FD811}.Release|Any CPU.ActiveCfg = Release|Any CPU
		{C27C408E-B72E-44CF-9E67-087F1A8FD811}.Release|Any CPU.Build.0 = Release|Any CPU
		{C27C408E-B72E-44CF-9E67-087F1A8FD811}.Release|Any CPU.Deploy.0 = Release|Any CPU
		{C27C408E-B72E-44CF-9E67-087F1A8FD811}.Release|iPhone.ActiveCfg = Release|Any CPU
		{C27C408E-B72E-44CF-9E67-087F1A8FD811}.Release|iPhone.Build.0 = Release|Any CPU
		{C27C408E-B72E-44CF-9E67-087F1A8FD811}.Release|iPhone.Deploy.0 = Release|Any CPU
		{C27C408E-B72E-44CF-9E67-087F1A8FD811}.Release|iPhoneSimulator.ActiveCfg = Release|Any CPU
		{C27C408E-B72E-44CF-9E67-087F1A8FD811}.Release|iPhoneSimulator.Build.0 = Release|Any CPU
		{C27C408E-B72E-44CF-9E67-087F1A8FD811}.Release|iPhoneSimulator.Deploy.0 = Release|Any CPU
	EndGlobalSection
	GlobalSection(SolutionProperties) = preSolution
		HideSolutionNode = FALSE
	EndGlobalSection
	GlobalSection(ExtensibilityGlobals) = postSolution
		SolutionGuid = {D4DEB49A-4BEB-408B-A713-90CBA7119F3F}
	EndGlobalSection
EndGlobal
